
Microsoft Visual Studio Solution File, Format Version 12.00
# Visual Studio Version 16
VisualStudioVersion = 16.0.30611.23
MinimumVisualStudioVersion = 10.0.40219.1
Project("{FAE04EC0-301F-11D3-BF4B-00C04F79EFBC}") = "ArkMedal", "ArkMedal.csproj", "{50CB142F-C6AE-489F-A503-D55E72753C0B}"
EndProject
Global
	GlobalSection(SolutionConfigurationPlatforms) = preSolution
		Debug|Any CPU = Debug|Any CPU
		Release|Any CPU = Release|Any CPU
	EndGlobalSection
	GlobalSection(ProjectConfigurationPlatforms) = postSolution
		{50CB142F-C6AE-489F-A503-D55E72753C0B}.Debug|Any CPU.ActiveCfg = Debug|Any CPU
		{50CB142F-C6AE-489F-A503-D55E72753C0B}.Debug|Any CPU.Build.0 = Debug|Any CPU
		{50CB142F-C6AE-489F-A503-D55E72753C0B}.Release|Any CPU.ActiveCfg = Release|Any CPU
		{50CB142F-C6AE-489F-A503-D55E72753C0B}.Release|Any CPU.Build.0 = Release|Any CPU
	EndGlobalSection
	GlobalSection(SolutionProperties) = preSolution
		HideSolutionNode = FALSE
	EndGlobalSection
	GlobalSection(ExtensibilityGlobals) = postSolution
		SolutionGuid = {D0D9AAB7-9F6E-4598-9D20-9D19655B62D8}
	EndGlobalSection
EndGlobal
